// !$*UTF8*$!
{
	archiveVersion = 1;
	classes = {
	};
	objectVersion = 56;
	objects = {

/* Begin PBXBuildFile section */
		63D438812AEEB33C00F749EC /* RecipeRequestModel.swift in Sources */ = {isa = PBXBuildFile; fileRef = 63D438802AEEB33C00F749EC /* RecipeRequestModel.swift */; };
		63D438832AEEBAA100F749EC /* PreviewRequestAPIService.swift in Sources */ = {isa = PBXBuildFile; fileRef = 63D438822AEEBAA100F749EC /* PreviewRequestAPIService.swift */; };
		63D438852AEEBBD700F749EC /* PreviewRecipesRequestData.swift in Sources */ = {isa = PBXBuildFile; fileRef = 63D438842AEEBBD700F749EC /* PreviewRecipesRequestData.swift */; };
		63D4388B2AEEC62100F749EC /* HomeRecipeCellView.swift in Sources */ = {isa = PBXBuildFile; fileRef = 63D4388A2AEEC62100F749EC /* HomeRecipeCellView.swift */; };
		63D438942AEEFFCB00F749EC /* RecipeView.swift in Sources */ = {isa = PBXBuildFile; fileRef = 63D438932AEEFFCB00F749EC /* RecipeView.swift */; };
		63D438962AEF0CBD00F749EC /* RouterService.swift in Sources */ = {isa = PBXBuildFile; fileRef = 63D438952AEF0CBD00F749EC /* RouterService.swift */; };
		63D438992AEF1E0C00F749EC /* RecipeLocation.swift in Sources */ = {isa = PBXBuildFile; fileRef = 63D438982AEF1E0C00F749EC /* RecipeLocation.swift */; };
		63D4389C2AEF1EB500F749EC /* RecipeMapLocationModel.swift in Sources */ = {isa = PBXBuildFile; fileRef = 63D4389B2AEF1EB500F749EC /* RecipeMapLocationModel.swift */; };
		63D4389E2AEF4C8E00F749EC /* MockRequestAPIService.swift in Sources */ = {isa = PBXBuildFile; fileRef = 63D4389D2AEF4C8E00F749EC /* MockRequestAPIService.swift */; };
		63D438A12AEF4D3700F749EC /* MockRecipesRequestResponse.swift in Sources */ = {isa = PBXBuildFile; fileRef = 63D438A02AEF4D3700F749EC /* MockRecipesRequestResponse.swift */; };
		63FD60772AEE99B200DD7642 /* RecipesApp.swift in Sources */ = {isa = PBXBuildFile; fileRef = 63FD60762AEE99B200DD7642 /* RecipesApp.swift */; };
		63FD60792AEE99B200DD7642 /* HomeView.swift in Sources */ = {isa = PBXBuildFile; fileRef = 63FD60782AEE99B200DD7642 /* HomeView.swift */; };
		63FD607B2AEE99B300DD7642 /* Assets.xcassets in Resources */ = {isa = PBXBuildFile; fileRef = 63FD607A2AEE99B300DD7642 /* Assets.xcassets */; };
		63FD607E2AEE99B300DD7642 /* Preview Assets.xcassets in Resources */ = {isa = PBXBuildFile; fileRef = 63FD607D2AEE99B300DD7642 /* Preview Assets.xcassets */; };
		63FD60882AEE99B300DD7642 /* Yape_RecipesTests.swift in Sources */ = {isa = PBXBuildFile; fileRef = 63FD60872AEE99B300DD7642 /* Yape_RecipesTests.swift */; };
		63FD60922AEE99B300DD7642 /* Yape_RecipesUITests.swift in Sources */ = {isa = PBXBuildFile; fileRef = 63FD60912AEE99B300DD7642 /* Yape_RecipesUITests.swift */; };
		63FD60942AEE99B300DD7642 /* Yape_RecipesUITestsLaunchTests.swift in Sources */ = {isa = PBXBuildFile; fileRef = 63FD60932AEE99B300DD7642 /* Yape_RecipesUITestsLaunchTests.swift */; };
		63FD60A52AEE9BF300DD7642 /* RequestAPIService.swift in Sources */ = {isa = PBXBuildFile; fileRef = 63FD60A42AEE9BF300DD7642 /* RequestAPIService.swift */; };
		63FD60A82AEE9C3B00DD7642 /* Definitions.swift in Sources */ = {isa = PBXBuildFile; fileRef = 63FD60A72AEE9C3B00DD7642 /* Definitions.swift */; };
		63FD60AB2AEE9CE000DD7642 /* Recipe.swift in Sources */ = {isa = PBXBuildFile; fileRef = 63FD60AA2AEE9CE000DD7642 /* Recipe.swift */; };
		63FD60B02AEEA46200DD7642 /* RecipeViewModel.swift in Sources */ = {isa = PBXBuildFile; fileRef = 63FD60AF2AEEA46200DD7642 /* RecipeViewModel.swift */; };
/* End PBXBuildFile section */

/* Begin PBXContainerItemProxy section */
		63FD60842AEE99B300DD7642 /* PBXContainerItemProxy */ = {
			isa = PBXContainerItemProxy;
			containerPortal = 63FD606B2AEE99B200DD7642 /* Project object */;
			proxyType = 1;
			remoteGlobalIDString = 63FD60722AEE99B200DD7642;
			remoteInfo = "Yape Recipes";
		};
		63FD608E2AEE99B300DD7642 /* PBXContainerItemProxy */ = {
			isa = PBXContainerItemProxy;
			containerPortal = 63FD606B2AEE99B200DD7642 /* Project object */;
			proxyType = 1;
			remoteGlobalIDString = 63FD60722AEE99B200DD7642;
			remoteInfo = "Yape Recipes";
		};
/* End PBXContainerItemProxy section */

/* Begin PBXFileReference section */
		63D438802AEEB33C00F749EC /* RecipeRequestModel.swift */ = {isa = PBXFileReference; lastKnownFileType = sourcecode.swift; path = RecipeRequestModel.swift; sourceTree = "<group>"; };
		63D438822AEEBAA100F749EC /* PreviewRequestAPIService.swift */ = {isa = PBXFileReference; lastKnownFileType = sourcecode.swift; path = PreviewRequestAPIService.swift; sourceTree = "<group>"; };
		63D438842AEEBBD700F749EC /* PreviewRecipesRequestData.swift */ = {isa = PBXFileReference; lastKnownFileType = sourcecode.swift; path = PreviewRecipesRequestData.swift; sourceTree = "<group>"; };
		63D4388A2AEEC62100F749EC /* HomeRecipeCellView.swift */ = {isa = PBXFileReference; lastKnownFileType = sourcecode.swift; path = HomeRecipeCellView.swift; sourceTree = "<group>"; };
		63D438932AEEFFCB00F749EC /* RecipeView.swift */ = {isa = PBXFileReference; lastKnownFileType = sourcecode.swift; path = RecipeView.swift; sourceTree = "<group>"; };
		63D438952AEF0CBD00F749EC /* RouterService.swift */ = {isa = PBXFileReference; lastKnownFileType = sourcecode.swift; path = RouterService.swift; sourceTree = "<group>"; };
		63D438982AEF1E0C00F749EC /* RecipeLocation.swift */ = {isa = PBXFileReference; lastKnownFileType = sourcecode.swift; path = RecipeLocation.swift; sourceTree = "<group>"; };
		63D4389B2AEF1EB500F749EC /* RecipeMapLocationModel.swift */ = {isa = PBXFileReference; lastKnownFileType = sourcecode.swift; path = RecipeMapLocationModel.swift; sourceTree = "<group>"; };
		63D4389D2AEF4C8E00F749EC /* MockRequestAPIService.swift */ = {isa = PBXFileReference; lastKnownFileType = sourcecode.swift; path = MockRequestAPIService.swift; sourceTree = "<group>"; };
		63D438A02AEF4D3700F749EC /* MockRecipesRequestResponse.swift */ = {isa = PBXFileReference; lastKnownFileType = sourcecode.swift; path = MockRecipesRequestResponse.swift; sourceTree = "<group>"; };
		63D438A22AEF72A600F749EC /* README.md */ = {isa = PBXFileReference; lastKnownFileType = net.daringfireball.markdown; path = README.md; sourceTree = "<group>"; };
		63FD60732AEE99B200DD7642 /* Yape Recipes.app */ = {isa = PBXFileReference; explicitFileType = wrapper.application; includeInIndex = 0; path = "Yape Recipes.app"; sourceTree = BUILT_PRODUCTS_DIR; };
		63FD60762AEE99B200DD7642 /* RecipesApp.swift */ = {isa = PBXFileReference; lastKnownFileType = sourcecode.swift; path = RecipesApp.swift; sourceTree = "<group>"; };
		63FD60782AEE99B200DD7642 /* HomeView.swift */ = {isa = PBXFileReference; lastKnownFileType = sourcecode.swift; path = HomeView.swift; sourceTree = "<group>"; };
		63FD607A2AEE99B300DD7642 /* Assets.xcassets */ = {isa = PBXFileReference; lastKnownFileType = folder.assetcatalog; path = Assets.xcassets; sourceTree = "<group>"; };
		63FD607D2AEE99B300DD7642 /* Preview Assets.xcassets */ = {isa = PBXFileReference; lastKnownFileType = folder.assetcatalog; path = "Preview Assets.xcassets"; sourceTree = "<group>"; };
		63FD60832AEE99B300DD7642 /* Yape RecipesTests.xctest */ = {isa = PBXFileReference; explicitFileType = wrapper.cfbundle; includeInIndex = 0; path = "Yape RecipesTests.xctest"; sourceTree = BUILT_PRODUCTS_DIR; };
		63FD60872AEE99B300DD7642 /* Yape_RecipesTests.swift */ = {isa = PBXFileReference; lastKnownFileType = sourcecode.swift; path = Yape_RecipesTests.swift; sourceTree = "<group>"; };
		63FD608D2AEE99B300DD7642 /* Yape RecipesUITests.xctest */ = {isa = PBXFileReference; explicitFileType = wrapper.cfbundle; includeInIndex = 0; path = "Yape RecipesUITests.xctest"; sourceTree = BUILT_PRODUCTS_DIR; };
		63FD60912AEE99B300DD7642 /* Yape_RecipesUITests.swift */ = {isa = PBXFileReference; lastKnownFileType = sourcecode.swift; path = Yape_RecipesUITests.swift; sourceTree = "<group>"; };
		63FD60932AEE99B300DD7642 /* Yape_RecipesUITestsLaunchTests.swift */ = {isa = PBXFileReference; lastKnownFileType = sourcecode.swift; path = Yape_RecipesUITestsLaunchTests.swift; sourceTree = "<group>"; };
		63FD60A42AEE9BF300DD7642 /* RequestAPIService.swift */ = {isa = PBXFileReference; lastKnownFileType = sourcecode.swift; path = RequestAPIService.swift; sourceTree = "<group>"; };
		63FD60A72AEE9C3B00DD7642 /* Definitions.swift */ = {isa = PBXFileReference; lastKnownFileType = sourcecode.swift; path = Definitions.swift; sourceTree = "<group>"; };
		63FD60AA2AEE9CE000DD7642 /* Recipe.swift */ = {isa = PBXFileReference; lastKnownFileType = sourcecode.swift; path = Recipe.swift; sourceTree = "<group>"; };
		63FD60AC2AEEA01400DD7642 /* Yape-Recipes-Info.plist */ = {isa = PBXFileReference; lastKnownFileType = text.plist.xml; path = "Yape-Recipes-Info.plist"; sourceTree = SOURCE_ROOT; };
		63FD60AF2AEEA46200DD7642 /* RecipeViewModel.swift */ = {isa = PBXFileReference; lastKnownFileType = sourcecode.swift; path = RecipeViewModel.swift; sourceTree = "<group>"; };
/* End PBXFileReference section */

/* Begin PBXFrameworksBuildPhase section */
		63FD60702AEE99B200DD7642 /* Frameworks */ = {
			isa = PBXFrameworksBuildPhase;
			buildActionMask = 2147483647;
			files = (
			);
			runOnlyForDeploymentPostprocessing = 0;
		};
		63FD60802AEE99B300DD7642 /* Frameworks */ = {
			isa = PBXFrameworksBuildPhase;
			buildActionMask = 2147483647;
			files = (
			);
			runOnlyForDeploymentPostprocessing = 0;
		};
		63FD608A2AEE99B300DD7642 /* Frameworks */ = {
			isa = PBXFrameworksBuildPhase;
			buildActionMask = 2147483647;
			files = (
			);
			runOnlyForDeploymentPostprocessing = 0;
		};
/* End PBXFrameworksBuildPhase section */

/* Begin PBXGroup section */
		63D438872AEEC5C200F749EC /* Home */ = {
			isa = PBXGroup;
			children = (
				63FD60782AEE99B200DD7642 /* HomeView.swift */,
				63D4388A2AEEC62100F749EC /* HomeRecipeCellView.swift */,
			);
			path = Home;
			sourceTree = "<group>";
		};
		63D438922AEEFFB500F749EC /* Recipe */ = {
			isa = PBXGroup;
			children = (
				63D438932AEEFFCB00F749EC /* RecipeView.swift */,
			);
			path = Recipe;
			sourceTree = "<group>";
		};
		63D438972AEF1DE500F749EC /* RecipeLocation */ = {
			isa = PBXGroup;
			children = (
				63D438982AEF1E0C00F749EC /* RecipeLocation.swift */,
			);
			path = RecipeLocation;
			sourceTree = "<group>";
		};
		63D4389A2AEF1E9500F749EC /* RecipeLocation */ = {
			isa = PBXGroup;
			children = (
				63D4389B2AEF1EB500F749EC /* RecipeMapLocationModel.swift */,
			);
			path = RecipeLocation;
			sourceTree = "<group>";
		};
		63D4389F2AEF4CBF00F749EC /* Mocks */ = {
			isa = PBXGroup;
			children = (
				63D4389D2AEF4C8E00F749EC /* MockRequestAPIService.swift */,
				63D438A02AEF4D3700F749EC /* MockRecipesRequestResponse.swift */,
			);
			path = Mocks;
			sourceTree = "<group>";
		};
		63FD606A2AEE99B200DD7642 = {
			isa = PBXGroup;
			children = (
				63D438A22AEF72A600F749EC /* README.md */,
				63FD60AC2AEEA01400DD7642 /* Yape-Recipes-Info.plist */,
				63FD60752AEE99B200DD7642 /* Yape Recipes */,
				63FD60862AEE99B300DD7642 /* Yape RecipesTests */,
				63FD60902AEE99B300DD7642 /* Yape RecipesUITests */,
				63FD60742AEE99B200DD7642 /* Products */,
			);
			sourceTree = "<group>";
		};
		63FD60742AEE99B200DD7642 /* Products */ = {
			isa = PBXGroup;
			children = (
				63FD60732AEE99B200DD7642 /* Yape Recipes.app */,
				63FD60832AEE99B300DD7642 /* Yape RecipesTests.xctest */,
				63FD608D2AEE99B300DD7642 /* Yape RecipesUITests.xctest */,
			);
			name = Products;
			sourceTree = "<group>";
		};
		63FD60752AEE99B200DD7642 /* Yape Recipes */ = {
			isa = PBXGroup;
			children = (
				63FD60A12AEE9B3400DD7642 /* Models */,
				63FD60A02AEE9B2900DD7642 /* Views */,
				63FD60AE2AEEA42900DD7642 /* ViewModels */,
				63FD60A32AEE9B9900DD7642 /* Services */,
				63FD60AD2AEEA3F100DD7642 /* Resources */,
				63FD60762AEE99B200DD7642 /* RecipesApp.swift */,
			);
			path = "Yape Recipes";
			sourceTree = "<group>";
		};
		63FD607C2AEE99B300DD7642 /* Preview Content */ = {
			isa = PBXGroup;
			children = (
				63FD607D2AEE99B300DD7642 /* Preview Assets.xcassets */,
				63D438822AEEBAA100F749EC /* PreviewRequestAPIService.swift */,
				63D438842AEEBBD700F749EC /* PreviewRecipesRequestData.swift */,
			);
			path = "Preview Content";
			sourceTree = "<group>";
		};
		63FD60862AEE99B300DD7642 /* Yape RecipesTests */ = {
			isa = PBXGroup;
			children = (
				63D4389F2AEF4CBF00F749EC /* Mocks */,
				63FD60872AEE99B300DD7642 /* Yape_RecipesTests.swift */,
			);
			path = "Yape RecipesTests";
			sourceTree = "<group>";
		};
		63FD60902AEE99B300DD7642 /* Yape RecipesUITests */ = {
			isa = PBXGroup;
			children = (
				63FD60912AEE99B300DD7642 /* Yape_RecipesUITests.swift */,
				63FD60932AEE99B300DD7642 /* Yape_RecipesUITestsLaunchTests.swift */,
			);
			path = "Yape RecipesUITests";
			sourceTree = "<group>";
		};
		63FD60A02AEE9B2900DD7642 /* Views */ = {
			isa = PBXGroup;
			children = (
				63D438972AEF1DE500F749EC /* RecipeLocation */,
				63D438922AEEFFB500F749EC /* Recipe */,
				63D438872AEEC5C200F749EC /* Home */,
			);
			path = Views;
			sourceTree = "<group>";
		};
		63FD60A12AEE9B3400DD7642 /* Models */ = {
			isa = PBXGroup;
			children = (
				63D4389A2AEF1E9500F749EC /* RecipeLocation */,
				63FD60A92AEE9CD100DD7642 /* Recipes */,
				63FD60A62AEE9C2600DD7642 /* AppSettings */,
			);
			path = Models;
			sourceTree = "<group>";
		};
		63FD60A32AEE9B9900DD7642 /* Services */ = {
			isa = PBXGroup;
			children = (
				63FD60A42AEE9BF300DD7642 /* RequestAPIService.swift */,
				63D438952AEF0CBD00F749EC /* RouterService.swift */,
			);
			path = Services;
			sourceTree = "<group>";
		};
		63FD60A62AEE9C2600DD7642 /* AppSettings */ = {
			isa = PBXGroup;
			children = (
				63FD60A72AEE9C3B00DD7642 /* Definitions.swift */,
				63D438802AEEB33C00F749EC /* RecipeRequestModel.swift */,
			);
			path = AppSettings;
			sourceTree = "<group>";
		};
		63FD60A92AEE9CD100DD7642 /* Recipes */ = {
			isa = PBXGroup;
			children = (
				63FD60AA2AEE9CE000DD7642 /* Recipe.swift */,
			);
			path = Recipes;
			sourceTree = "<group>";
		};
		63FD60AD2AEEA3F100DD7642 /* Resources */ = {
			isa = PBXGroup;
			children = (
				63FD607C2AEE99B300DD7642 /* Preview Content */,
				63FD607A2AEE99B300DD7642 /* Assets.xcassets */,
			);
			name = Resources;
			sourceTree = "<group>";
		};
		63FD60AE2AEEA42900DD7642 /* ViewModels */ = {
			isa = PBXGroup;
			children = (
				63FD60AF2AEEA46200DD7642 /* RecipeViewModel.swift */,
			);
			path = ViewModels;
			sourceTree = "<group>";
		};
/* End PBXGroup section */

/* Begin PBXNativeTarget section */
		63FD60722AEE99B200DD7642 /* Yape Recipes */ = {
			isa = PBXNativeTarget;
			buildConfigurationList = 63FD60972AEE99B300DD7642 /* Build configuration list for PBXNativeTarget "Yape Recipes" */;
			buildPhases = (
				63FD606F2AEE99B200DD7642 /* Sources */,
				63FD60702AEE99B200DD7642 /* Frameworks */,
				63FD60712AEE99B200DD7642 /* Resources */,
			);
			buildRules = (
			);
			dependencies = (
			);
			name = "Yape Recipes";
			productName = "Yape Recipes";
			productReference = 63FD60732AEE99B200DD7642 /* Yape Recipes.app */;
			productType = "com.apple.product-type.application";
		};
		63FD60822AEE99B300DD7642 /* Yape RecipesTests */ = {
			isa = PBXNativeTarget;
			buildConfigurationList = 63FD609A2AEE99B300DD7642 /* Build configuration list for PBXNativeTarget "Yape RecipesTests" */;
			buildPhases = (
				63FD607F2AEE99B300DD7642 /* Sources */,
				63FD60802AEE99B300DD7642 /* Frameworks */,
				63FD60812AEE99B300DD7642 /* Resources */,
			);
			buildRules = (
			);
			dependencies = (
				63FD60852AEE99B300DD7642 /* PBXTargetDependency */,
			);
			name = "Yape RecipesTests";
			productName = "Yape RecipesTests";
			productReference = 63FD60832AEE99B300DD7642 /* Yape RecipesTests.xctest */;
			productType = "com.apple.product-type.bundle.unit-test";
		};
		63FD608C2AEE99B300DD7642 /* Yape RecipesUITests */ = {
			isa = PBXNativeTarget;
			buildConfigurationList = 63FD609D2AEE99B300DD7642 /* Build configuration list for PBXNativeTarget "Yape RecipesUITests" */;
			buildPhases = (
				63FD60892AEE99B300DD7642 /* Sources */,
				63FD608A2AEE99B300DD7642 /* Frameworks */,
				63FD608B2AEE99B300DD7642 /* Resources */,
			);
			buildRules = (
			);
			dependencies = (
				63FD608F2AEE99B300DD7642 /* PBXTargetDependency */,
			);
			name = "Yape RecipesUITests";
			productName = "Yape RecipesUITests";
			productReference = 63FD608D2AEE99B300DD7642 /* Yape RecipesUITests.xctest */;
			productType = "com.apple.product-type.bundle.ui-testing";
		};
/* End PBXNativeTarget section */

/* Begin PBXProject section */
		63FD606B2AEE99B200DD7642 /* Project object */ = {
			isa = PBXProject;
			attributes = {
				BuildIndependentTargetsInParallel = 1;
				LastSwiftUpdateCheck = 1500;
				LastUpgradeCheck = 1500;
				TargetAttributes = {
					63FD60722AEE99B200DD7642 = {
						CreatedOnToolsVersion = 15.0.1;
					};
					63FD60822AEE99B300DD7642 = {
						CreatedOnToolsVersion = 15.0.1;
						TestTargetID = 63FD60722AEE99B200DD7642;
					};
					63FD608C2AEE99B300DD7642 = {
						CreatedOnToolsVersion = 15.0.1;
						TestTargetID = 63FD60722AEE99B200DD7642;
					};
				};
			};
			buildConfigurationList = 63FD606E2AEE99B200DD7642 /* Build configuration list for PBXProject "Yape Recipes" */;
			compatibilityVersion = "Xcode 14.0";
			developmentRegion = en;
			hasScannedForEncodings = 0;
			knownRegions = (
				en,
				Base,
			);
			mainGroup = 63FD606A2AEE99B200DD7642;
			productRefGroup = 63FD60742AEE99B200DD7642 /* Products */;
			projectDirPath = "";
			projectRoot = "";
			targets = (
				63FD60722AEE99B200DD7642 /* Yape Recipes */,
				63FD60822AEE99B300DD7642 /* Yape RecipesTests */,
				63FD608C2AEE99B300DD7642 /* Yape RecipesUITests */,
			);
		};
/* End PBXProject section */

/* Begin PBXResourcesBuildPhase section */
		63FD60712AEE99B200DD7642 /* Resources */ = {
			isa = PBXResourcesBuildPhase;
			buildActionMask = 2147483647;
			files = (
				63FD607E2AEE99B300DD7642 /* Preview Assets.xcassets in Resources */,
				63FD607B2AEE99B300DD7642 /* Assets.xcassets in Resources */,
			);
			runOnlyForDeploymentPostprocessing = 0;
		};
		63FD60812AEE99B300DD7642 /* Resources */ = {
			isa = PBXResourcesBuildPhase;
			buildActionMask = 2147483647;
			files = (
			);
			runOnlyForDeploymentPostprocessing = 0;
		};
		63FD608B2AEE99B300DD7642 /* Resources */ = {
			isa = PBXResourcesBuildPhase;
			buildActionMask = 2147483647;
			files = (
			);
			runOnlyForDeploymentPostprocessing = 0;
		};
/* End PBXResourcesBuildPhase section */

/* Begin PBXSourcesBuildPhase section */
		63FD606F2AEE99B200DD7642 /* Sources */ = {
			isa = PBXSourcesBuildPhase;
			buildActionMask = 2147483647;
			files = (
				63FD60AB2AEE9CE000DD7642 /* Recipe.swift in Sources */,
				63D438992AEF1E0C00F749EC /* RecipeLocation.swift in Sources */,
				63D438812AEEB33C00F749EC /* RecipeRequestModel.swift in Sources */,
				63FD60A82AEE9C3B00DD7642 /* Definitions.swift in Sources */,
				63D4388B2AEEC62100F749EC /* HomeRecipeCellView.swift in Sources */,
				63D438942AEEFFCB00F749EC /* RecipeView.swift in Sources */,
				63FD60792AEE99B200DD7642 /* HomeView.swift in Sources */,
				63FD60A52AEE9BF300DD7642 /* RequestAPIService.swift in Sources */,
				63FD60B02AEEA46200DD7642 /* RecipeViewModel.swift in Sources */,
				63D438962AEF0CBD00F749EC /* RouterService.swift in Sources */,
				63D4389C2AEF1EB500F749EC /* RecipeMapLocationModel.swift in Sources */,
				63FD60772AEE99B200DD7642 /* RecipesApp.swift in Sources */,
				63D438852AEEBBD700F749EC /* PreviewRecipesRequestData.swift in Sources */,
				63D438832AEEBAA100F749EC /* PreviewRequestAPIService.swift in Sources */,
			);
			runOnlyForDeploymentPostprocessing = 0;
		};
		63FD607F2AEE99B300DD7642 /* Sources */ = {
			isa = PBXSourcesBuildPhase;
			buildActionMask = 2147483647;
			files = (
				63D438A12AEF4D3700F749EC /* MockRecipesRequestResponse.swift in Sources */,
				63D4389E2AEF4C8E00F749EC /* MockRequestAPIService.swift in Sources */,
				63FD60882AEE99B300DD7642 /* Yape_RecipesTests.swift in Sources */,
			);
			runOnlyForDeploymentPostprocessing = 0;
		};
		63FD60892AEE99B300DD7642 /* Sources */ = {
			isa = PBXSourcesBuildPhase;
			buildActionMask = 2147483647;
			files = (
				63FD60922AEE99B300DD7642 /* Yape_RecipesUITests.swift in Sources */,
				63FD60942AEE99B300DD7642 /* Yape_RecipesUITestsLaunchTests.swift in Sources */,
			);
			runOnlyForDeploymentPostprocessing = 0;
		};
/* End PBXSourcesBuildPhase section */

/* Begin PBXTargetDependency section */
		63FD60852AEE99B300DD7642 /* PBXTargetDependency */ = {
			isa = PBXTargetDependency;
			target = 63FD60722AEE99B200DD7642 /* Yape Recipes */;
			targetProxy = 63FD60842AEE99B300DD7642 /* PBXContainerItemProxy */;
		};
		63FD608F2AEE99B300DD7642 /* PBXTargetDependency */ = {
			isa = PBXTargetDependency;
			target = 63FD60722AEE99B200DD7642 /* Yape Recipes */;
			targetProxy = 63FD608E2AEE99B300DD7642 /* PBXContainerItemProxy */;
		};
/* End PBXTargetDependency section */

/* Begin XCBuildConfiguration section */
		63FD60952AEE99B300DD7642 /* Debug */ = {
			isa = XCBuildConfiguration;
			buildSettings = {
				ALWAYS_SEARCH_USER_PATHS = NO;
				ASSETCATALOG_COMPILER_GENERATE_SWIFT_ASSET_SYMBOL_EXTENSIONS = YES;
				CLANG_ANALYZER_NONNULL = YES;
				CLANG_ANALYZER_NUMBER_OBJECT_CONVERSION = YES_AGGRESSIVE;
				CLANG_CXX_LANGUAGE_STANDARD = "gnu++20";
				CLANG_ENABLE_MODULES = YES;
				CLANG_ENABLE_OBJC_ARC = YES;
				CLANG_ENABLE_OBJC_WEAK = YES;
				CLANG_WARN_BLOCK_CAPTURE_AUTORELEASING = YES;
				CLANG_WARN_BOOL_CONVERSION = YES;
				CLANG_WARN_COMMA = YES;
				CLANG_WARN_CONSTANT_CONVERSION = YES;
				CLANG_WARN_DEPRECATED_OBJC_IMPLEMENTATIONS = YES;
				CLANG_WARN_DIRECT_OBJC_ISA_USAGE = YES_ERROR;
				CLANG_WARN_DOCUMENTATION_COMMENTS = YES;
				CLANG_WARN_EMPTY_BODY = YES;
				CLANG_WARN_ENUM_CONVERSION = YES;
				CLANG_WARN_INFINITE_RECURSION = YES;
				CLANG_WARN_INT_CONVERSION = YES;
				CLANG_WARN_NON_LITERAL_NULL_CONVERSION = YES;
				CLANG_WARN_OBJC_IMPLICIT_RETAIN_SELF = YES;
				CLANG_WARN_OBJC_LITERAL_CONVERSION = YES;
				CLANG_WARN_OBJC_ROOT_CLASS = YES_ERROR;
				CLANG_WARN_QUOTED_INCLUDE_IN_FRAMEWORK_HEADER = YES;
				CLANG_WARN_RANGE_LOOP_ANALYSIS = YES;
				CLANG_WARN_STRICT_PROTOTYPES = YES;
				CLANG_WARN_SUSPICIOUS_MOVE = YES;
				CLANG_WARN_UNGUARDED_AVAILABILITY = YES_AGGRESSIVE;
				CLANG_WARN_UNREACHABLE_CODE = YES;
				CLANG_WARN__DUPLICATE_METHOD_MATCH = YES;
				COPY_PHASE_STRIP = NO;
				DEBUG_INFORMATION_FORMAT = dwarf;
				ENABLE_STRICT_OBJC_MSGSEND = YES;
				ENABLE_TESTABILITY = YES;
				ENABLE_USER_SCRIPT_SANDBOXING = YES;
				GCC_C_LANGUAGE_STANDARD = gnu17;
				GCC_DYNAMIC_NO_PIC = NO;
				GCC_NO_COMMON_BLOCKS = YES;
				GCC_OPTIMIZATION_LEVEL = 0;
				GCC_PREPROCESSOR_DEFINITIONS = (
					"DEBUG=1",
					"$(inherited)",
				);
				GCC_WARN_64_TO_32_BIT_CONVERSION = YES;
				GCC_WARN_ABOUT_RETURN_TYPE = YES_ERROR;
				GCC_WARN_UNDECLARED_SELECTOR = YES;
				GCC_WARN_UNINITIALIZED_AUTOS = YES_AGGRESSIVE;
				GCC_WARN_UNUSED_FUNCTION = YES;
				GCC_WARN_UNUSED_VARIABLE = YES;
				IPHONEOS_DEPLOYMENT_TARGET = 17.0;
				LOCALIZATION_PREFERS_STRING_CATALOGS = YES;
				MTL_ENABLE_DEBUG_INFO = INCLUDE_SOURCE;
				MTL_FAST_MATH = YES;
				ONLY_ACTIVE_ARCH = YES;
				SDKROOT = iphoneos;
				SWIFT_ACTIVE_COMPILATION_CONDITIONS = "DEBUG $(inherited)";
				SWIFT_OPTIMIZATION_LEVEL = "-Onone";
			};
			name = Debug;
		};
		63FD60962AEE99B300DD7642 /* Release */ = {
			isa = XCBuildConfiguration;
			buildSettings = {
				ALWAYS_SEARCH_USER_PATHS = NO;
				ASSETCATALOG_COMPILER_GENERATE_SWIFT_ASSET_SYMBOL_EXTENSIONS = YES;
				CLANG_ANALYZER_NONNULL = YES;
				CLANG_ANALYZER_NUMBER_OBJECT_CONVERSION = YES_AGGRESSIVE;
				CLANG_CXX_LANGUAGE_STANDARD = "gnu++20";
				CLANG_ENABLE_MODULES = YES;
				CLANG_ENABLE_OBJC_ARC = YES;
				CLANG_ENABLE_OBJC_WEAK = YES;
				CLANG_WARN_BLOCK_CAPTURE_AUTORELEASING = YES;
				CLANG_WARN_BOOL_CONVERSION = YES;
				CLANG_WARN_COMMA = YES;
				CLANG_WARN_CONSTANT_CONVERSION = YES;
				CLANG_WARN_DEPRECATED_OBJC_IMPLEMENTATIONS = YES;
				CLANG_WARN_DIRECT_OBJC_ISA_USAGE = YES_ERROR;
				CLANG_WARN_DOCUMENTATION_COMMENTS = YES;
				CLANG_WARN_EMPTY_BODY = YES;
				CLANG_WARN_ENUM_CONVERSION = YES;
				CLANG_WARN_INFINITE_RECURSION = YES;
				CLANG_WARN_INT_CONVERSION = YES;
				CLANG_WARN_NON_LITERAL_NULL_CONVERSION = YES;
				CLANG_WARN_OBJC_IMPLICIT_RETAIN_SELF = YES;
				CLANG_WARN_OBJC_LITERAL_CONVERSION = YES;
				CLANG_WARN_OBJC_ROOT_CLASS = YES_ERROR;
				CLANG_WARN_QUOTED_INCLUDE_IN_FRAMEWORK_HEADER = YES;
				CLANG_WARN_RANGE_LOOP_ANALYSIS = YES;
				CLANG_WARN_STRICT_PROTOTYPES = YES;
				CLANG_WARN_SUSPICIOUS_MOVE = YES;
				CLANG_WARN_UNGUARDED_AVAILABILITY = YES_AGGRESSIVE;
				CLANG_WARN_UNREACHABLE_CODE = YES;
				CLANG_WARN__DUPLICATE_METHOD_MATCH = YES;
				COPY_PHASE_STRIP = NO;
				DEBUG_INFORMATION_FORMAT = "dwarf-with-dsym";
				ENABLE_NS_ASSERTIONS = NO;
				ENABLE_STRICT_OBJC_MSGSEND = YES;
				ENABLE_USER_SCRIPT_SANDBOXING = YES;
				GCC_C_LANGUAGE_STANDARD = gnu17;
				GCC_NO_COMMON_BLOCKS = YES;
				GCC_WARN_64_TO_32_BIT_CONVERSION = YES;
				GCC_WARN_ABOUT_RETURN_TYPE = YES_ERROR;
				GCC_WARN_UNDECLARED_SELECTOR = YES;
				GCC_WARN_UNINITIALIZED_AUTOS = YES_AGGRESSIVE;
				GCC_WARN_UNUSED_FUNCTION = YES;
				GCC_WARN_UNUSED_VARIABLE = YES;
				IPHONEOS_DEPLOYMENT_TARGET = 17.0;
				LOCALIZATION_PREFERS_STRING_CATALOGS = YES;
				MTL_ENABLE_DEBUG_INFO = NO;
				MTL_FAST_MATH = YES;
				SDKROOT = iphoneos;
				SWIFT_COMPILATION_MODE = wholemodule;
				VALIDATE_PRODUCT = YES;
			};
			name = Release;
		};
		63FD60982AEE99B300DD7642 /* Debug */ = {
			isa = XCBuildConfiguration;
			buildSettings = {
				ASSETCATALOG_COMPILER_APPICON_NAME = AppIcon;
				ASSETCATALOG_COMPILER_GLOBAL_ACCENT_COLOR_NAME = AccentColor;
				CODE_SIGN_STYLE = Automatic;
				CURRENT_PROJECT_VERSION = 1;
				DEVELOPMENT_ASSET_PATHS = "\"Yape Recipes/Preview Content\"";
				DEVELOPMENT_TEAM = 2276EYPC4M;
				ENABLE_PREVIEWS = YES;
				GENERATE_INFOPLIST_FILE = YES;
				INFOPLIST_FILE = "Yape-Recipes-Info.plist";
				INFOPLIST_KEY_UIApplicationSceneManifest_Generation = YES;
				INFOPLIST_KEY_UIApplicationSupportsIndirectInputEvents = YES;
				INFOPLIST_KEY_UILaunchScreen_Generation = YES;
				INFOPLIST_KEY_UISupportedInterfaceOrientations_iPad = "UIInterfaceOrientationPortrait UIInterfaceOrientationPortraitUpsideDown UIInterfaceOrientationLandscapeLeft UIInterfaceOrientationLandscapeRight";
				INFOPLIST_KEY_UISupportedInterfaceOrientations_iPhone = "UIInterfaceOrientationPortrait UIInterfaceOrientationLandscapeLeft UIInterfaceOrientationLandscapeRight";
				LD_RUNPATH_SEARCH_PATHS = (
					"$(inherited)",
					"@executable_path/Frameworks",
				);
				MARKETING_VERSION = 1.0;
				PRODUCT_BUNDLE_IDENTIFIER = "com.krisskira.Yape-Recipes";
				PRODUCT_NAME = "$(TARGET_NAME)";
				SWIFT_EMIT_LOC_STRINGS = YES;
				SWIFT_VERSION = 5.0;
				TARGETED_DEVICE_FAMILY = "1,2";
			};
			name = Debug;
		};
		63FD60992AEE99B300DD7642 /* Release */ = {
			isa = XCBuildConfiguration;
			buildSettings = {
				ASSETCATALOG_COMPILER_APPICON_NAME = AppIcon;
				ASSETCATALOG_COMPILER_GLOBAL_ACCENT_COLOR_NAME = AccentColor;
				CODE_SIGN_STYLE = Automatic;
				CURRENT_PROJECT_VERSION = 1;
				DEVELOPMENT_ASSET_PATHS = "\"Yape Recipes/Preview Content\"";
				DEVELOPMENT_TEAM = 2276EYPC4M;
				ENABLE_PREVIEWS = YES;
				GENERATE_INFOPLIST_FILE = YES;
				INFOPLIST_FILE = "Yape-Recipes-Info.plist";
				INFOPLIST_KEY_UIApplicationSceneManifest_Generation = YES;
				INFOPLIST_KEY_UIApplicationSupportsIndirectInputEvents = YES;
				INFOPLIST_KEY_UILaunchScreen_Generation = YES;
				INFOPLIST_KEY_UISupportedInterfaceOrientations_iPad = "UIInterfaceOrientationPortrait UIInterfaceOrientationPortraitUpsideDown UIInterfaceOrientationLandscapeLeft UIInterfaceOrientationLandscapeRight";
				INFOPLIST_KEY_UISupportedInterfaceOrientations_iPhone = "UIInterfaceOrientationPortrait UIInterfaceOrientationLandscapeLeft UIInterfaceOrientationLandscapeRight";
				LD_RUNPATH_SEARCH_PATHS = (
					"$(inherited)",
					"@executable_path/Frameworks",
				);
				MARKETING_VERSION = 1.0;
				PRODUCT_BUNDLE_IDENTIFIER = "com.krisskira.Yape-Recipes";
				PRODUCT_NAME = "$(TARGET_NAME)";
				SWIFT_EMIT_LOC_STRINGS = YES;
				SWIFT_VERSION = 5.0;
				TARGETED_DEVICE_FAMILY = "1,2";
			};
			name = Release;
		};
		63FD609B2AEE99B300DD7642 /* Debug */ = {
			isa = XCBuildConfiguration;
			buildSettings = {
				ALWAYS_EMBED_SWIFT_STANDARD_LIBRARIES = YES;
				BUNDLE_LOADER = "$(TEST_HOST)";
				CODE_SIGN_STYLE = Automatic;
				CURRENT_PROJECT_VERSION = 1;
				DEVELOPMENT_TEAM = 2276EYPC4M;
				GENERATE_INFOPLIST_FILE = YES;
				IPHONEOS_DEPLOYMENT_TARGET = 17.0;
				MARKETING_VERSION = 1.0;
				PRODUCT_BUNDLE_IDENTIFIER = "com.krisskira.Yape-RecipesTests";
				PRODUCT_NAME = "$(TARGET_NAME)";
				SWIFT_EMIT_LOC_STRINGS = NO;
				SWIFT_VERSION = 5.0;
				TARGETED_DEVICE_FAMILY = "1,2";
				TEST_HOST = "$(BUILT_PRODUCTS_DIR)/Yape Recipes.app/$(BUNDLE_EXECUTABLE_FOLDER_PATH)/Yape Recipes";
			};
			name = Debug;
		};
		63FD609C2AEE99B300DD7642 /* Release */ = {
			isa = XCBuildConfiguration;
			buildSettings = {
				ALWAYS_EMBED_SWIFT_STANDARD_LIBRARIES = YES;
				BUNDLE_LOADER = "$(TEST_HOST)";
				CODE_SIGN_STYLE = Automatic;
				CURRENT_PROJECT_VERSION = 1;
				DEVELOPMENT_TEAM = 2276EYPC4M;
				GENERATE_INFOPLIST_FILE = YES;
				IPHONEOS_DEPLOYMENT_TARGET = 17.0;
				MARKETING_VERSION = 1.0;
				PRODUCT_BUNDLE_IDENTIFIER = "com.krisskira.Yape-RecipesTests";
				PRODUCT_NAME = "$(TARGET_NAME)";
				SWIFT_EMIT_LOC_STRINGS = NO;
				SWIFT_VERSION = 5.0;
				TARGETED_DEVICE_FAMILY = "1,2";
				TEST_HOST = "$(BUILT_PRODUCTS_DIR)/Yape Recipes.app/$(BUNDLE_EXECUTABLE_FOLDER_PATH)/Yape Recipes";
			};
			name = Release;
		};
		63FD609E2AEE99B300DD7642 /* Debug */ = {
			isa = XCBuildConfiguration;
			buildSettings = {
				ALWAYS_EMBED_SWIFT_STANDARD_LIBRARIES = YES;
				CODE_SIGN_STYLE = Automatic;
				CURRENT_PROJECT_VERSION = 1;
				DEVELOPMENT_TEAM = 2276EYPC4M;
				GENERATE_INFOPLIST_FILE = YES;
				MARKETING_VERSION = 1.0;
				PRODUCT_BUNDLE_IDENTIFIER = "com.krisskira.Yape-RecipesUITests";
				PRODUCT_NAME = "$(TARGET_NAME)";
				SWIFT_EMIT_LOC_STRINGS = NO;
				SWIFT_VERSION = 5.0;
				TARGETED_DEVICE_FAMILY = "1,2";
				TEST_TARGET_NAME = "Yape Recipes";
			};
			name = Debug;
		};
		63FD609F2AEE99B300DD7642 /* Release */ = {
			isa = XCBuildConfiguration;
			buildSettings = {
				ALWAYS_EMBED_SWIFT_STANDARD_LIBRARIES = YES;
				CODE_SIGN_STYLE = Automatic;
				CURRENT_PROJECT_VERSION = 1;
				DEVELOPMENT_TEAM = 2276EYPC4M;
				GENERATE_INFOPLIST_FILE = YES;
				MARKETING_VERSION = 1.0;
				PRODUCT_BUNDLE_IDENTIFIER = "com.krisskira.Yape-RecipesUITests";
				PRODUCT_NAME = "$(TARGET_NAME)";
				SWIFT_EMIT_LOC_STRINGS = NO;
				SWIFT_VERSION = 5.0;
				TARGETED_DEVICE_FAMILY = "1,2";
				TEST_TARGET_NAME = "Yape Recipes";
			};
			name = Release;
		};
/* End XCBuildConfiguration section */

/* Begin XCConfigurationList section */
		63FD606E2AEE99B200DD7642 /* Build configuration list for PBXProject "Yape Recipes" */ = {
			isa = XCConfigurationList;
			buildConfigurations = (
				63FD60952AEE99B300DD7642 /* Debug */,
				63FD60962AEE99B300DD7642 /* Release */,
			);
			defaultConfigurationIsVisible = 0;
			defaultConfigurationName = Release;
		};
		63FD60972AEE99B300DD7642 /* Build configuration list for PBXNativeTarget "Yape Recipes" */ = {
			isa = XCConfigurationList;
			buildConfigurations = (
				63FD60982AEE99B300DD7642 /* Debug */,
				63FD60992AEE99B300DD7642 /* Release */,
			);
			defaultConfigurationIsVisible = 0;
			defaultConfigurationName = Release;
		};
		63FD609A2AEE99B300DD7642 /* Build configuration list for PBXNativeTarget "Yape RecipesTests" */ = {
			isa = XCConfigurationList;
			buildConfigurations = (
				63FD609B2AEE99B300DD7642 /* Debug */,
				63FD609C2AEE99B300DD7642 /* Release */,
			);
			defaultConfigurationIsVisible = 0;
			defaultConfigurationName = Release;
		};
		63FD609D2AEE99B300DD7642 /* Build configuration list for PBXNativeTarget "Yape RecipesUITests" */ = {
			isa = XCConfigurationList;
			buildConfigurations = (
				63FD609E2AEE99B300DD7642 /* Debug */,
				63FD609F2AEE99B300DD7642 /* Release */,
			);
			defaultConfigurationIsVisible = 0;
			defaultConfigurationName = Release;
		};
/* End XCConfigurationList section */
	};
	rootObject = 63FD606B2AEE99B200DD7642 /* Project object */;
}
